
Microsoft Visual Studio Solution File, Format Version 12.00
# Visual Studio Version 17
VisualStudioVersion = 17.13.35825.156 d17.13
MinimumVisualStudioVersion = 10.0.40219.1
Project("{FAE04EC0-301F-11D3-BF4B-00C04F79EFBC}") = "RPGTurnos", "RPGTurnos\RPGTurnos.csproj", "{8EB303BD-F785-4911-B585-DC3B3D498180}"
EndProject
Global
	GlobalSection(SolutionConfigurationPlatforms) = preSolution
		Debug|Any CPU = Debug|Any CPU
		Release|Any CPU = Release|Any CPU
	EndGlobalSection
	GlobalSection(ProjectConfigurationPlatforms) = postSolution
		{8EB303BD-F785-4911-B585-DC3B3D498180}.Debug|Any CPU.ActiveCfg = Debug|Any CPU
		{8EB303BD-F785-4911-B585-DC3B3D498180}.Debug|Any CPU.Build.0 = Debug|Any CPU
		{8EB303BD-F785-4911-B585-DC3B3D498180}.Release|Any CPU.ActiveCfg = Release|Any CPU
		{8EB303BD-F785-4911-B585-DC3B3D498180}.Release|Any CPU.Build.0 = Release|Any CPU
	EndGlobalSection
	GlobalSection(SolutionProperties) = preSolution
		HideSolutionNode = FALSE
	EndGlobalSection
	GlobalSection(ExtensibilityGlobals) = postSolution
		SolutionGuid = {23E9FEDF-3667-4352-A234-2953E30487C7}
	EndGlobalSection
EndGlobal
